
Microsoft Visual Studio Solution File, Format Version 12.00
# Visual Studio 15
Project("{FAE04EC0-301F-11D3-BF4B-00C04F79EFBC}") = "MobileRTC_iOS", "MobileRTC_iOS\MobileRTC_iOS.csproj", "{CA661E6B-BCDF-4EC2-8E6C-045702BD2EA0}"
EndProject
Project("{FAE04EC0-301F-11D3-BF4B-00C04F79EFBC}") = "CommonLib", "CommonLib\CommonLib.csproj", "{2134158B-EB64-428B-90DB-2BD4D0D23164}"
EndProject
Project("{FAE04EC0-301F-11D3-BF4B-00C04F79EFBC}") = "MobileRTC_Droid", "MobileRTC_Droid\MobileRTC_Droid.csproj", "{DE93193F-342D-4284-8FCD-8360F6DDB99A}"
EndProject
Global
	GlobalSection(SolutionConfigurationPlatforms) = preSolution
		Debug|Any CPU = Debug|Any CPU
		Release|Any CPU = Release|Any CPU
	EndGlobalSection
	GlobalSection(ProjectConfigurationPlatforms) = postSolution
		{CA661E6B-BCDF-4EC2-8E6C-045702BD2EA0}.Debug|Any CPU.ActiveCfg = Debug|Any CPU
		{CA661E6B-BCDF-4EC2-8E6C-045702BD2EA0}.Debug|Any CPU.Build.0 = Debug|Any CPU
		{CA661E6B-BCDF-4EC2-8E6C-045702BD2EA0}.Release|Any CPU.ActiveCfg = Release|Any CPU
		{CA661E6B-BCDF-4EC2-8E6C-045702BD2EA0}.Release|Any CPU.Build.0 = Release|Any CPU
		{2134158B-EB64-428B-90DB-2BD4D0D23164}.Debug|Any CPU.ActiveCfg = Debug|Any CPU
		{2134158B-EB64-428B-90DB-2BD4D0D23164}.Debug|Any CPU.Build.0 = Debug|Any CPU
		{2134158B-EB64-428B-90DB-2BD4D0D23164}.Release|Any CPU.ActiveCfg = Release|Any CPU
		{2134158B-EB64-428B-90DB-2BD4D0D23164}.Release|Any CPU.Build.0 = Release|Any CPU
		{DE93193F-342D-4284-8FCD-8360F6DDB99A}.Debug|Any CPU.ActiveCfg = Debug|Any CPU
		{DE93193F-342D-4284-8FCD-8360F6DDB99A}.Debug|Any CPU.Build.0 = Debug|Any CPU
		{DE93193F-342D-4284-8FCD-8360F6DDB99A}.Release|Any CPU.ActiveCfg = Release|Any CPU
		{DE93193F-342D-4284-8FCD-8360F6DDB99A}.Release|Any CPU.Build.0 = Release|Any CPU
	EndGlobalSection
EndGlobal
