Microsoft Visual Studio Solution File, Format Version 12.00
# Visual Studio Version 16
VisualStudioVersion = 16.0.32106.194
MinimumVisualStudioVersion = 10.0.40219.1
Project("{FAE04EC0-301F-11D3-BF4B-00C04F79EFBC}") = "MobileRTC_iOS", "src\MobileRTC_iOS\MobileRTC_iOS.csproj", "{CA661E6B-BCDF-4EC2-8E6C-045702BD2EA0}"
EndProject
Project("{FAE04EC0-301F-11D3-BF4B-00C04F79EFBC}") = "CommonLib", "src\CommonLib\CommonLib.csproj", "{2134158B-EB64-428B-90DB-2BD4D0D23164}"
EndProject
Project("{FAE04EC0-301F-11D3-BF4B-00C04F79EFBC}") = "MobileRTC_Droid", "src\MobileRTC_Droid\MobileRTC_Droid.csproj", "{DE93193F-342D-4284-8FCD-8360F6DDB99A}"
EndProject
Project("{FAE04EC0-301F-11D3-BF4B-00C04F79EFBC}") = "ZoomDemo.Android", "samples\ZoomDemo.Android\ZoomDemo.Android.csproj", "{D732F31F-B312-4028-9DEA-BB08348AE372}"
EndProject
Project("{FAE04EC0-301F-11D3-BF4B-00C04F79EFBC}") = "ZoomDemo.iOS", "samples\ZoomDemo.iOS\ZoomDemo.iOS.csproj", "{C5186733-BFB9-46B0-A06A-5904A4574F48}"
EndProject
Project("{9A19103F-16F7-4668-BE54-9A1E7A4F7556}") = "ZoomDemo", "samples\ZoomDemo\ZoomDemo.csproj", "{301538B8-3AFD-4115-B05F-408498DC8E6B}"
EndProject
Project("{2150E333-8FDC-42A3-9474-1A3956D46DE8}") = "ZoomSample", "ZoomSample", "{87EFA87A-7D30-4A98-A2C1-56DAC83E114B}"
EndProject
Project("{FAE04EC0-301F-11D3-BF4B-00C04F79EFBC}") = "MobileRTC_iOSScreenshare", "src\MobileRTC_iOSScreenshare\MobileRTC_iOSScreenshare.csproj", "{C0E9D906-965E-4DFB-8BAF-25EAA6A75AC2}"
EndProject
Project("{FAE04EC0-301F-11D3-BF4B-00C04F79EFBC}") = "ZoomDemoScreenShare", "samples\ZoomDemoScreenShare\ZoomDemoScreenShare.csproj", "{0EADC8B6-D2ED-4178-A026-704B725377A6}"
EndProject
Project("{FAE04EC0-301F-11D3-BF4B-00C04F79EFBC}") = "ZoomDemoScreenShareUI", "samples\ZoomDemoScreenShareUI\ZoomDemoScreenShareUI.csproj", "{12908F08-7C24-46E8-921A-F2354C742D77}"
EndProject
Global
	GlobalSection(SolutionConfigurationPlatforms) = preSolution
		Debug|Any CPU = Debug|Any CPU
		Debug|iPhone = Debug|iPhone
		Debug|iPhoneSimulator = Debug|iPhoneSimulator
		Release|Any CPU = Release|Any CPU
		Release|iPhone = Release|iPhone
		Release|iPhoneSimulator = Release|iPhoneSimulator
	EndGlobalSection
	GlobalSection(ProjectConfigurationPlatforms) = postSolution
		{CA661E6B-BCDF-4EC2-8E6C-045702BD2EA0}.Debug|Any CPU.ActiveCfg = Debug|Any CPU
		{CA661E6B-BCDF-4EC2-8E6C-045702BD2EA0}.Debug|Any CPU.Build.0 = Debug|Any CPU
		{CA661E6B-BCDF-4EC2-8E6C-045702BD2EA0}.Debug|iPhone.ActiveCfg = Debug|Any CPU
		{CA661E6B-BCDF-4EC2-8E6C-045702BD2EA0}.Debug|iPhone.Build.0 = Debug|Any CPU
		{CA661E6B-BCDF-4EC2-8E6C-045702BD2EA0}.Debug|iPhoneSimulator.ActiveCfg = Debug|Any CPU
		{CA661E6B-BCDF-4EC2-8E6C-045702BD2EA0}.Debug|iPhoneSimulator.Build.0 = Debug|Any CPU
		{CA661E6B-BCDF-4EC2-8E6C-045702BD2EA0}.Release|Any CPU.ActiveCfg = Release|Any CPU
		{CA661E6B-BCDF-4EC2-8E6C-045702BD2EA0}.Release|Any CPU.Build.0 = Release|Any CPU
		{CA661E6B-BCDF-4EC2-8E6C-045702BD2EA0}.Release|iPhone.ActiveCfg = Release|Any CPU
		{CA661E6B-BCDF-4EC2-8E6C-045702BD2EA0}.Release|iPhone.Build.0 = Release|Any CPU
		{CA661E6B-BCDF-4EC2-8E6C-045702BD2EA0}.Release|iPhoneSimulator.ActiveCfg = Release|Any CPU
		{CA661E6B-BCDF-4EC2-8E6C-045702BD2EA0}.Release|iPhoneSimulator.Build.0 = Release|Any CPU
		{2134158B-EB64-428B-90DB-2BD4D0D23164}.Debug|Any CPU.ActiveCfg = Debug|Any CPU
		{2134158B-EB64-428B-90DB-2BD4D0D23164}.Debug|Any CPU.Build.0 = Debug|Any CPU
		{2134158B-EB64-428B-90DB-2BD4D0D23164}.Debug|iPhone.ActiveCfg = Debug|Any CPU
		{2134158B-EB64-428B-90DB-2BD4D0D23164}.Debug|iPhone.Build.0 = Debug|Any CPU
		{2134158B-EB64-428B-90DB-2BD4D0D23164}.Debug|iPhoneSimulator.ActiveCfg = Debug|Any CPU
		{2134158B-EB64-428B-90DB-2BD4D0D23164}.Debug|iPhoneSimulator.Build.0 = Debug|Any CPU
		{2134158B-EB64-428B-90DB-2BD4D0D23164}.Release|Any CPU.ActiveCfg = Release|Any CPU
		{2134158B-EB64-428B-90DB-2BD4D0D23164}.Release|Any CPU.Build.0 = Release|Any CPU
		{2134158B-EB64-428B-90DB-2BD4D0D23164}.Release|iPhone.ActiveCfg = Release|Any CPU
		{2134158B-EB64-428B-90DB-2BD4D0D23164}.Release|iPhone.Build.0 = Release|Any CPU
		{2134158B-EB64-428B-90DB-2BD4D0D23164}.Release|iPhoneSimulator.ActiveCfg = Release|Any CPU
		{2134158B-EB64-428B-90DB-2BD4D0D23164}.Release|iPhoneSimulator.Build.0 = Release|Any CPU
		{DE93193F-342D-4284-8FCD-8360F6DDB99A}.Debug|Any CPU.ActiveCfg = Debug|Any CPU
		{DE93193F-342D-4284-8FCD-8360F6DDB99A}.Debug|Any CPU.Build.0 = Debug|Any CPU
		{DE93193F-342D-4284-8FCD-8360F6DDB99A}.Debug|iPhone.ActiveCfg = Debug|Any CPU
		{DE93193F-342D-4284-8FCD-8360F6DDB99A}.Debug|iPhone.Build.0 = Debug|Any CPU
		{DE93193F-342D-4284-8FCD-8360F6DDB99A}.Debug|iPhoneSimulator.ActiveCfg = Debug|Any CPU
		{DE93193F-342D-4284-8FCD-8360F6DDB99A}.Debug|iPhoneSimulator.Build.0 = Debug|Any CPU
		{DE93193F-342D-4284-8FCD-8360F6DDB99A}.Release|Any CPU.ActiveCfg = Release|Any CPU
		{DE93193F-342D-4284-8FCD-8360F6DDB99A}.Release|Any CPU.Build.0 = Release|Any CPU
		{DE93193F-342D-4284-8FCD-8360F6DDB99A}.Release|iPhone.ActiveCfg = Release|Any CPU
		{DE93193F-342D-4284-8FCD-8360F6DDB99A}.Release|iPhone.Build.0 = Release|Any CPU
		{DE93193F-342D-4284-8FCD-8360F6DDB99A}.Release|iPhoneSimulator.ActiveCfg = Release|Any CPU
		{DE93193F-342D-4284-8FCD-8360F6DDB99A}.Release|iPhoneSimulator.Build.0 = Release|Any CPU
		{D732F31F-B312-4028-9DEA-BB08348AE372}.Debug|Any CPU.ActiveCfg = Debug|Any CPU
		{D732F31F-B312-4028-9DEA-BB08348AE372}.Debug|Any CPU.Build.0 = Debug|Any CPU
		{D732F31F-B312-4028-9DEA-BB08348AE372}.Debug|Any CPU.Deploy.0 = Debug|Any CPU
		{D732F31F-B312-4028-9DEA-BB08348AE372}.Debug|iPhone.ActiveCfg = Debug|Any CPU
		{D732F31F-B312-4028-9DEA-BB08348AE372}.Debug|iPhone.Build.0 = Debug|Any CPU
		{D732F31F-B312-4028-9DEA-BB08348AE372}.Debug|iPhoneSimulator.ActiveCfg = Debug|Any CPU
		{D732F31F-B312-4028-9DEA-BB08348AE372}.Debug|iPhoneSimulator.Build.0 = Debug|Any CPU
		{D732F31F-B312-4028-9DEA-BB08348AE372}.Release|Any CPU.ActiveCfg = Release|Any CPU
		{D732F31F-B312-4028-9DEA-BB08348AE372}.Release|Any CPU.Build.0 = Release|Any CPU
		{D732F31F-B312-4028-9DEA-BB08348AE372}.Release|iPhone.ActiveCfg = Release|Any CPU
		{D732F31F-B312-4028-9DEA-BB08348AE372}.Release|iPhone.Build.0 = Release|Any CPU
		{D732F31F-B312-4028-9DEA-BB08348AE372}.Release|iPhoneSimulator.ActiveCfg = Release|Any CPU
		{D732F31F-B312-4028-9DEA-BB08348AE372}.Release|iPhoneSimulator.Build.0 = Release|Any CPU
		{C5186733-BFB9-46B0-A06A-5904A4574F48}.Debug|Any CPU.ActiveCfg = Debug|iPhoneSimulator
		{C5186733-BFB9-46B0-A06A-5904A4574F48}.Debug|Any CPU.Build.0 = Debug|iPhoneSimulator
		{C5186733-BFB9-46B0-A06A-5904A4574F48}.Debug|iPhone.ActiveCfg = Debug|iPhone
		{C5186733-BFB9-46B0-A06A-5904A4574F48}.Debug|iPhone.Build.0 = Debug|iPhone
		{C5186733-BFB9-46B0-A06A-5904A4574F48}.Debug|iPhoneSimulator.ActiveCfg = Debug|iPhoneSimulator
		{C5186733-BFB9-46B0-A06A-5904A4574F48}.Debug|iPhoneSimulator.Build.0 = Debug|iPhoneSimulator
		{C5186733-BFB9-46B0-A06A-5904A4574F48}.Release|Any CPU.ActiveCfg = Release|iPhoneSimulator
		{C5186733-BFB9-46B0-A06A-5904A4574F48}.Release|Any CPU.Build.0 = Release|iPhoneSimulator
		{C5186733-BFB9-46B0-A06A-5904A4574F48}.Release|iPhone.ActiveCfg = Release|iPhone
		{C5186733-BFB9-46B0-A06A-5904A4574F48}.Release|iPhone.Build.0 = Release|iPhone
		{C5186733-BFB9-46B0-A06A-5904A4574F48}.Release|iPhoneSimulator.ActiveCfg = Release|iPhoneSimulator
		{C5186733-BFB9-46B0-A06A-5904A4574F48}.Release|iPhoneSimulator.Build.0 = Release|iPhoneSimulator
		{301538B8-3AFD-4115-B05F-408498DC8E6B}.Debug|Any CPU.ActiveCfg = Debug|Any CPU
		{301538B8-3AFD-4115-B05F-408498DC8E6B}.Debug|Any CPU.Build.0 = Debug|Any CPU
		{301538B8-3AFD-4115-B05F-408498DC8E6B}.Debug|iPhone.ActiveCfg = Debug|Any CPU
		{301538B8-3AFD-4115-B05F-408498DC8E6B}.Debug|iPhone.Build.0 = Debug|Any CPU
		{301538B8-3AFD-4115-B05F-408498DC8E6B}.Debug|iPhoneSimulator.ActiveCfg = Debug|Any CPU
		{301538B8-3AFD-4115-B05F-408498DC8E6B}.Debug|iPhoneSimulator.Build.0 = Debug|Any CPU
		{301538B8-3AFD-4115-B05F-408498DC8E6B}.Release|Any CPU.ActiveCfg = Release|Any CPU
		{301538B8-3AFD-4115-B05F-408498DC8E6B}.Release|Any CPU.Build.0 = Release|Any CPU
		{301538B8-3AFD-4115-B05F-408498DC8E6B}.Release|iPhone.ActiveCfg = Release|Any CPU
		{301538B8-3AFD-4115-B05F-408498DC8E6B}.Release|iPhone.Build.0 = Release|Any CPU
		{301538B8-3AFD-4115-B05F-408498DC8E6B}.Release|iPhoneSimulator.ActiveCfg = Release|Any CPU
		{301538B8-3AFD-4115-B05F-408498DC8E6B}.Release|iPhoneSimulator.Build.0 = Release|Any CPU
		{C0E9D906-965E-4DFB-8BAF-25EAA6A75AC2}.Debug|Any CPU.ActiveCfg = Debug|Any CPU
		{C0E9D906-965E-4DFB-8BAF-25EAA6A75AC2}.Debug|Any CPU.Build.0 = Debug|Any CPU
		{C0E9D906-965E-4DFB-8BAF-25EAA6A75AC2}.Debug|iPhone.ActiveCfg = Debug|Any CPU
		{C0E9D906-965E-4DFB-8BAF-25EAA6A75AC2}.Debug|iPhone.Build.0 = Debug|Any CPU
		{C0E9D906-965E-4DFB-8BAF-25EAA6A75AC2}.Debug|iPhoneSimulator.ActiveCfg = Debug|Any CPU
		{C0E9D906-965E-4DFB-8BAF-25EAA6A75AC2}.Debug|iPhoneSimulator.Build.0 = Debug|Any CPU
		{C0E9D906-965E-4DFB-8BAF-25EAA6A75AC2}.Release|Any CPU.ActiveCfg = Release|Any CPU
		{C0E9D906-965E-4DFB-8BAF-25EAA6A75AC2}.Release|Any CPU.Build.0 = Release|Any CPU
		{C0E9D906-965E-4DFB-8BAF-25EAA6A75AC2}.Release|iPhone.ActiveCfg = Release|Any CPU
		{C0E9D906-965E-4DFB-8BAF-25EAA6A75AC2}.Release|iPhone.Build.0 = Release|Any CPU
		{C0E9D906-965E-4DFB-8BAF-25EAA6A75AC2}.Release|iPhoneSimulator.ActiveCfg = Release|Any CPU
		{C0E9D906-965E-4DFB-8BAF-25EAA6A75AC2}.Release|iPhoneSimulator.Build.0 = Release|Any CPU
		{0EADC8B6-D2ED-4178-A026-704B725377A6}.Debug|Any CPU.ActiveCfg = Debug|iPhoneSimulator
		{0EADC8B6-D2ED-4178-A026-704B725377A6}.Debug|Any CPU.Build.0 = Debug|iPhoneSimulator
		{0EADC8B6-D2ED-4178-A026-704B725377A6}.Debug|iPhone.ActiveCfg = Debug|iPhone
		{0EADC8B6-D2ED-4178-A026-704B725377A6}.Debug|iPhone.Build.0 = Debug|iPhone
		{0EADC8B6-D2ED-4178-A026-704B725377A6}.Debug|iPhoneSimulator.ActiveCfg = Debug|iPhoneSimulator
		{0EADC8B6-D2ED-4178-A026-704B725377A6}.Debug|iPhoneSimulator.Build.0 = Debug|iPhoneSimulator
		{0EADC8B6-D2ED-4178-A026-704B725377A6}.Release|Any CPU.ActiveCfg = Release|iPhoneSimulator
		{0EADC8B6-D2ED-4178-A026-704B725377A6}.Release|Any CPU.Build.0 = Release|iPhoneSimulator
		{0EADC8B6-D2ED-4178-A026-704B725377A6}.Release|iPhone.ActiveCfg = Release|iPhone
		{0EADC8B6-D2ED-4178-A026-704B725377A6}.Release|iPhone.Build.0 = Release|iPhone
		{0EADC8B6-D2ED-4178-A026-704B725377A6}.Release|iPhoneSimulator.ActiveCfg = Release|iPhoneSimulator
		{0EADC8B6-D2ED-4178-A026-704B725377A6}.Release|iPhoneSimulator.Build.0 = Release|iPhoneSimulator
		{12908F08-7C24-46E8-921A-F2354C742D77}.Debug|Any CPU.ActiveCfg = Debug|iPhoneSimulator
		{12908F08-7C24-46E8-921A-F2354C742D77}.Debug|Any CPU.Build.0 = Debug|iPhoneSimulator
		{12908F08-7C24-46E8-921A-F2354C742D77}.Debug|iPhone.ActiveCfg = Debug|iPhone
		{12908F08-7C24-46E8-921A-F2354C742D77}.Debug|iPhone.Build.0 = Debug|iPhone
		{12908F08-7C24-46E8-921A-F2354C742D77}.Debug|iPhoneSimulator.ActiveCfg = Debug|iPhoneSimulator
		{12908F08-7C24-46E8-921A-F2354C742D77}.Debug|iPhoneSimulator.Build.0 = Debug|iPhoneSimulator
		{12908F08-7C24-46E8-921A-F2354C742D77}.Release|Any CPU.ActiveCfg = Release|iPhoneSimulator
		{12908F08-7C24-46E8-921A-F2354C742D77}.Release|Any CPU.Build.0 = Release|iPhoneSimulator
		{12908F08-7C24-46E8-921A-F2354C742D77}.Release|iPhone.ActiveCfg = Release|iPhone
		{12908F08-7C24-46E8-921A-F2354C742D77}.Release|iPhone.Build.0 = Release|iPhone
		{12908F08-7C24-46E8-921A-F2354C742D77}.Release|iPhoneSimulator.ActiveCfg = Release|iPhoneSimulator
		{12908F08-7C24-46E8-921A-F2354C742D77}.Release|iPhoneSimulator.Build.0 = Release|iPhoneSimulator
	EndGlobalSection
	GlobalSection(SolutionProperties) = preSolution
		HideSolutionNode = FALSE
	EndGlobalSection
	GlobalSection(NestedProjects) = preSolution
		{D732F31F-B312-4028-9DEA-BB08348AE372} = {87EFA87A-7D30-4A98-A2C1-56DAC83E114B}
		{C5186733-BFB9-46B0-A06A-5904A4574F48} = {87EFA87A-7D30-4A98-A2C1-56DAC83E114B}
		{301538B8-3AFD-4115-B05F-408498DC8E6B} = {87EFA87A-7D30-4A98-A2C1-56DAC83E114B}
		{0EADC8B6-D2ED-4178-A026-704B725377A6} = {87EFA87A-7D30-4A98-A2C1-56DAC83E114B}
		{12908F08-7C24-46E8-921A-F2354C742D77} = {87EFA87A-7D30-4A98-A2C1-56DAC83E114B}
	EndGlobalSection
	GlobalSection(ExtensibilityGlobals) = postSolution
		SolutionGuid = {F0C09EAD-FEBC-4FED-BA6D-44DB7D3BCAA8}
	EndGlobalSection
EndGlobal
